
Microsoft Visual Studio Solution File, Format Version 12.00
# Visual Studio Version 16
VisualStudioVersion = 16.0.31702.278
MinimumVisualStudioVersion = 10.0.40219.1
Project("{8BC9CEB8-8B4A-11D0-8D11-00A0C91BC942}") = "Number of Islands", "Number of Islands.vcxproj", "{FA74D27E-7959-416B-B0B3-9D9F42C34DB7}"
EndProject
Global
	GlobalSection(SolutionConfigurationPlatforms) = preSolution
		Debug|x64 = Debug|x64
		Debug|x86 = Debug|x86
		Release|x64 = Release|x64
		Release|x86 = Release|x86
	EndGlobalSection
	GlobalSection(ProjectConfigurationPlatforms) = postSolution
		{FA74D27E-7959-416B-B0B3-9D9F42C34DB7}.Debug|x64.ActiveCfg = Debug|x64
		{FA74D27E-7959-416B-B0B3-9D9F42C34DB7}.Debug|x64.Build.0 = Debug|x64
		{FA74D27E-7959-416B-B0B3-9D9F42C34DB7}.Debug|x86.ActiveCfg = Debug|Win32
		{FA74D27E-7959-416B-B0B3-9D9F42C34DB7}.Debug|x86.Build.0 = Debug|Win32
		{FA74D27E-7959-416B-B0B3-9D9F42C34DB7}.Release|x64.ActiveCfg = Release|x64
		{FA74D27E-7959-416B-B0B3-9D9F42C34DB7}.Release|x64.Build.0 = Release|x64
		{FA74D27E-7959-416B-B0B3-9D9F42C34DB7}.Release|x86.ActiveCfg = Release|Win32
		{FA74D27E-7959-416B-B0B3-9D9F42C34DB7}.Release|x86.Build.0 = Release|Win32
	EndGlobalSection
	GlobalSection(SolutionProperties) = preSolution
		HideSolutionNode = FALSE
	EndGlobalSection
	GlobalSection(ExtensibilityGlobals) = postSolution
		SolutionGuid = {3CCE9729-C888-400A-80B6-8EF63732F74B}
	EndGlobalSection
EndGlobal
